
Microsoft Visual Studio Solution File, Format Version 12.00
# Visual Studio Version 16
VisualStudioVersion = 16.0.29709.97
MinimumVisualStudioVersion = 10.0.40219.1
Project("{FAE04EC0-301F-11D3-BF4B-00C04F79EFBC}") = "Score Calculator", "Score Calculator\Score Calculator.csproj", "{71AFF1D2-72AF-4C83-B2BD-D51C112F8576}"
EndProject
Global
	GlobalSection(SolutionConfigurationPlatforms) = preSolution
		Debug|Any CPU = Debug|Any CPU
		Release|Any CPU = Release|Any CPU
	EndGlobalSection
	GlobalSection(ProjectConfigurationPlatforms) = postSolution
		{71AFF1D2-72AF-4C83-B2BD-D51C112F8576}.Debug|Any CPU.ActiveCfg = Debug|Any CPU
		{71AFF1D2-72AF-4C83-B2BD-D51C112F8576}.Debug|Any CPU.Build.0 = Debug|Any CPU
		{71AFF1D2-72AF-4C83-B2BD-D51C112F8576}.Release|Any CPU.ActiveCfg = Release|Any CPU
		{71AFF1D2-72AF-4C83-B2BD-D51C112F8576}.Release|Any CPU.Build.0 = Release|Any CPU
	EndGlobalSection
	GlobalSection(SolutionProperties) = preSolution
		HideSolutionNode = FALSE
	EndGlobalSection
	GlobalSection(ExtensibilityGlobals) = postSolution
		SolutionGuid = {59171417-715F-49D7-BE89-CBBDC3A05B6D}
	EndGlobalSection
EndGlobal
